<?xml version="1.0" encoding="utf-8"?>
<Project ToolsVersion="4.0" xmlns="http://schemas.microsoft.com/developer/msbuild/2003">
  <ItemGroup>
    <Filter Include="Generated Files">
      <UniqueIdentifier>{a23961a0-0995-4a8a-b9d8-bb5af322376d}</UniqueIdentifier>
    </Filter>
    <Filter Include="Source Files">
      <UniqueIdentifier>{86e3a9b8-2b5c-4f9b-a597-4e627cb16d1c}</UniqueIdentifier>
      <Extensions>cpp;c;edl;def; .. and other options</Extensions>
    </Filter>
    <Filter Include="Header Files">
      <UniqueIdentifier>{f2233579-1841-49f0-bee7-62fcbf1d144e}</UniqueIdentifier>
      <Extensions>h;hpp; .. and other options</Extensions>
    </Filter>
    <Filter Include="Resource Files">
      <UniqueIdentifier>{b4576595-1e81-40e4-87b6-daac7ae93f3f}</UniqueIdentifier>
      <Extensions>rc;xml;pem; .. and other options</Extensions>
    </Filter>
  </ItemGroup>
  <ItemGroup>
    <ClCompile Include="sgx_tsqlite_t.c">
      <Filter>Generated Files</Filter>
    </ClCompile>
    <ClCompile Include="sgx_tsqlite.cpp">
      <Filter>Source Files</Filter>
    </ClCompile>
    <ClCompile Include="alter.c">
      <Filter>Source Files</Filter>
    </ClCompile>
    <ClCompile Include="analyze.c">
      <Filter>Source Files</Filter>
    </ClCompile>
    <ClCompile Include="attach.c">
      <Filter>Source Files</Filter>
    </ClCompile>
    <ClCompile Include="auth.c">
      <Filter>Source Files</Filter>
    </ClCompile>
    <ClCompile Include="backup.c">
      <Filter>Source Files</Filter>
    </ClCompile>
    <ClCompile Include="bitvec.c">
      <Filter>Source Files</Filter>
    </ClCompile>
    <ClCompile Include="btmutex.c">
      <Filter>Source Files</Filter>
    </ClCompile>
    <ClCompile Include="btree.c">
      <Filter>Source Files</Filter>
    </ClCompile>
    <ClCompile Include="build.c">
      <Filter>Source Files</Filter>
    </ClCompile>
    <ClCompile Include="callback.c">
      <Filter>Source Files</Filter>
    </ClCompile>
    <ClCompile Include="complete.c">
      <Filter>Source Files</Filter>
    </ClCompile>
    <ClCompile Include="ctime.c">
      <Filter>Source Files</Filter>
    </ClCompile>
    <ClCompile Include="date.c">
      <Filter>Source Files</Filter>
    </ClCompile>
    <ClCompile Include="dbstat.c">
      <Filter>Source Files</Filter>
    </ClCompile>
    <ClCompile Include="delete.c">
      <Filter>Source Files</Filter>
    </ClCompile>
    <ClCompile Include="expr.c">
      <Filter>Source Files</Filter>
    </ClCompile>
    <ClCompile Include="fault.c">
      <Filter>Source Files</Filter>
    </ClCompile>
    <ClCompile Include="fkey.c">
      <Filter>Source Files</Filter>
    </ClCompile>
    <ClCompile Include="fts1.c">
      <Filter>Source Files</Filter>
    </ClCompile>
    <ClCompile Include="fts1_hash.c">
      <Filter>Source Files</Filter>
    </ClCompile>
    <ClCompile Include="fts1_porter.c">
      <Filter>Source Files</Filter>
    </ClCompile>
    <ClCompile Include="fts1_tokenizer1.c">
      <Filter>Source Files</Filter>
    </ClCompile>
    <ClCompile Include="fts2.c">
      <Filter>Source Files</Filter>
    </ClCompile>
    <ClCompile Include="fts2_hash.c">
      <Filter>Source Files</Filter>
    </ClCompile>
    <ClCompile Include="fts2_icu.c">
      <Filter>Source Files</Filter>
    </ClCompile>
    <ClCompile Include="fts2_porter.c">
      <Filter>Source Files</Filter>
    </ClCompile>
    <ClCompile Include="fts2_tokenizer.c">
      <Filter>Source Files</Filter>
    </ClCompile>
    <ClCompile Include="fts2_tokenizer1.c">
      <Filter>Source Files</Filter>
    </ClCompile>
    <ClCompile Include="fts3.c">
      <Filter>Source Files</Filter>
    </ClCompile>
    <ClCompile Include="fts3_aux.c">
      <Filter>Source Files</Filter>
    </ClCompile>
    <ClCompile Include="fts3_expr.c">
      <Filter>Source Files</Filter>
    </ClCompile>
    <ClCompile Include="fts3_hash.c">
      <Filter>Source Files</Filter>
    </ClCompile>
    <ClCompile Include="fts3_icu.c">
      <Filter>Source Files</Filter>
    </ClCompile>
    <ClCompile Include="fts3_porter.c">
      <Filter>Source Files</Filter>
    </ClCompile>
    <ClCompile Include="fts3_snippet.c">
      <Filter>Source Files</Filter>
    </ClCompile>
    <ClCompile Include="fts3_tokenize_vtab.c">
      <Filter>Source Files</Filter>
    </ClCompile>
    <ClCompile Include="fts3_tokenizer.c">
      <Filter>Source Files</Filter>
    </ClCompile>
    <ClCompile Include="fts3_tokenizer1.c">
      <Filter>Source Files</Filter>
    </ClCompile>
    <ClCompile Include="fts3_unicode.c">
      <Filter>Source Files</Filter>
    </ClCompile>
    <ClCompile Include="fts3_unicode2.c">
      <Filter>Source Files</Filter>
    </ClCompile>
    <ClCompile Include="fts3_write.c">
      <Filter>Source Files</Filter>
    </ClCompile>
    <ClCompile Include="fts5.c">
      <Filter>Source Files</Filter>
    </ClCompile>
    <ClCompile Include="func.c">
      <Filter>Source Files</Filter>
    </ClCompile>
    <ClCompile Include="global.c">
      <Filter>Source Files</Filter>
    </ClCompile>
    <ClCompile Include="hash.c">
      <Filter>Source Files</Filter>
    </ClCompile>
    <ClCompile Include="icu.c">
      <Filter>Source Files</Filter>
    </ClCompile>
    <ClCompile Include="insert.c">
      <Filter>Source Files</Filter>
    </ClCompile>
    <ClCompile Include="journal.c">
      <Filter>Source Files</Filter>
    </ClCompile>
    <ClCompile Include="json1.c">
      <Filter>Source Files</Filter>
    </ClCompile>
    <ClCompile Include="legacy.c">
      <Filter>Source Files</Filter>
    </ClCompile>
    <ClCompile Include="loadext.c">
      <Filter>Source Files</Filter>
    </ClCompile>
    <ClCompile Include="main.c">
      <Filter>Source Files</Filter>
    </ClCompile>
    <ClCompile Include="malloc.c">
      <Filter>Source Files</Filter>
    </ClCompile>
    <ClCompile Include="mem0.c">
      <Filter>Source Files</Filter>
    </ClCompile>
    <ClCompile Include="mem1.c">
      <Filter>Source Files</Filter>
    </ClCompile>
    <ClCompile Include="mem2.c">
      <Filter>Source Files</Filter>
    </ClCompile>
    <ClCompile Include="mem3.c">
      <Filter>Source Files</Filter>
    </ClCompile>
    <ClCompile Include="mem5.c">
      <Filter>Source Files</Filter>
    </ClCompile>
    <ClCompile Include="memjournal.c">
      <Filter>Source Files</Filter>
    </ClCompile>
    <ClCompile Include="mutex.c">
      <Filter>Source Files</Filter>
    </ClCompile>
    <ClCompile Include="mutex_noop.c">
      <Filter>Source Files</Filter>
    </ClCompile>
    <ClCompile Include="mutex_w32.c">
      <Filter>Source Files</Filter>
    </ClCompile>
    <ClCompile Include="notify.c">
      <Filter>Source Files</Filter>
    </ClCompile>
    <ClCompile Include="opcodes.c">
      <Filter>Source Files</Filter>
    </ClCompile>
    <ClCompile Include="pager.c">
      <Filter>Source Files</Filter>
    </ClCompile>
    <ClCompile Include="parse.c">
      <Filter>Source Files</Filter>
    </ClCompile>
    <ClCompile Include="pcache.c">
      <Filter>Source Files</Filter>
    </ClCompile>
    <ClCompile Include="pcache1.c">
      <Filter>Source Files</Filter>
    </ClCompile>
    <ClCompile Include="pragma.c">
      <Filter>Source Files</Filter>
    </ClCompile>
    <ClCompile Include="prepare.c">
      <Filter>Source Files</Filter>
    </ClCompile>
    <ClCompile Include="printf.c">
      <Filter>Source Files</Filter>
    </ClCompile>
    <ClCompile Include="random.c">
      <Filter>Source Files</Filter>
    </ClCompile>
    <ClCompile Include="resolve.c">
      <Filter>Source Files</Filter>
    </ClCompile>
    <ClCompile Include="rowset.c">
      <Filter>Source Files</Filter>
    </ClCompile>
    <ClCompile Include="rtree.c">
      <Filter>Source Files</Filter>
    </ClCompile>
    <ClCompile Include="select.c">
      <Filter>Source Files</Filter>
    </ClCompile>
    <ClCompile Include="sqlite3rbu.c">
      <Filter>Source Files</Filter>
    </ClCompile>
    <ClCompile Include="status.c">
      <Filter>Source Files</Filter>
    </ClCompile>
    <ClCompile Include="table.c">
      <Filter>Source Files</Filter>
    </ClCompile>
    <ClCompile Include="tokenize.c">
      <Filter>Source Files</Filter>
    </ClCompile>
    <ClCompile Include="treeview.c">
      <Filter>Source Files</Filter>
    </ClCompile>
    <ClCompile Include="trigger.c">
      <Filter>Source Files</Filter>
    </ClCompile>
    <ClCompile Include="update.c">
      <Filter>Source Files</Filter>
    </ClCompile>
    <ClCompile Include="userauth.c">
      <Filter>Source Files</Filter>
    </ClCompile>
    <ClCompile Include="utf.c">
      <Filter>Source Files</Filter>
    </ClCompile>
    <ClCompile Include="util.c">
      <Filter>Source Files</Filter>
    </ClCompile>
    <ClCompile Include="vacuum.c">
      <Filter>Source Files</Filter>
    </ClCompile>
    <ClCompile Include="vdbe.c">
      <Filter>Source Files</Filter>
    </ClCompile>
    <ClCompile Include="vdbeapi.c">
      <Filter>Source Files</Filter>
    </ClCompile>
    <ClCompile Include="vdbeaux.c">
      <Filter>Source Files</Filter>
    </ClCompile>
    <ClCompile Include="vdbeblob.c">
      <Filter>Source Files</Filter>
    </ClCompile>
    <ClCompile Include="vdbemem.c">
      <Filter>Source Files</Filter>
    </ClCompile>
    <ClCompile Include="vdbesort.c">
      <Filter>Source Files</Filter>
    </ClCompile>
    <ClCompile Include="vdbetrace.c">
      <Filter>Source Files</Filter>
    </ClCompile>
    <ClCompile Include="vtab.c">
      <Filter>Source Files</Filter>
    </ClCompile>
    <ClCompile Include="wal.c">
      <Filter>Source Files</Filter>
    </ClCompile>
    <ClCompile Include="walker.c">
      <Filter>Source Files</Filter>
    </ClCompile>
    <ClCompile Include="where.c">
      <Filter>Source Files</Filter>
    </ClCompile>
    <ClCompile Include="wherecode.c">
      <Filter>Source Files</Filter>
    </ClCompile>
    <ClCompile Include="whereexpr.c">
      <Filter>Source Files</Filter>
    </ClCompile>
    <ClCompile Include="sizeUtil.c">
      <Filter>Source Files</Filter>
    </ClCompile>
  </ItemGroup>
  <ItemGroup>
    <ClInclude Include="sgx_tsqlite_t.h">
      <Filter>Generated Files</Filter>
    </ClInclude>
    <ClInclude Include="btree.h">
      <Filter>Header Files</Filter>
    </ClInclude>
    <ClInclude Include="btreeInt.h">
      <Filter>Header Files</Filter>
    </ClInclude>
    <ClInclude Include="fts1.h">
      <Filter>Header Files</Filter>
    </ClInclude>
    <ClInclude Include="fts1_hash.h">
      <Filter>Header Files</Filter>
    </ClInclude>
    <ClInclude Include="fts1_tokenizer.h">
      <Filter>Header Files</Filter>
    </ClInclude>
    <ClInclude Include="fts2.h">
      <Filter>Header Files</Filter>
    </ClInclude>
    <ClInclude Include="fts2_hash.h">
      <Filter>Header Files</Filter>
    </ClInclude>
    <ClInclude Include="fts2_tokenizer.h">
      <Filter>Header Files</Filter>
    </ClInclude>
    <ClInclude Include="fts3.h">
      <Filter>Header Files</Filter>
    </ClInclude>
    <ClInclude Include="fts3_hash.h">
      <Filter>Header Files</Filter>
    </ClInclude>
    <ClInclude Include="fts3_tokenizer.h">
      <Filter>Header Files</Filter>
    </ClInclude>
    <ClInclude Include="fts3Int.h">
      <Filter>Header Files</Filter>
    </ClInclude>
    <ClInclude Include="fts5.h">
      <Filter>Header Files</Filter>
    </ClInclude>
    <ClInclude Include="hash.h">
      <Filter>Header Files</Filter>
    </ClInclude>
    <ClInclude Include="hwtime.h">
      <Filter>Header Files</Filter>
    </ClInclude>
    <ClInclude Include="keywordhash.h">
      <Filter>Header Files</Filter>
    </ClInclude>
    <ClInclude Include="msvc.h">
      <Filter>Header Files</Filter>
    </ClInclude>
    <ClInclude Include="mutex.h">
      <Filter>Header Files</Filter>
    </ClInclude>
    <ClInclude Include="opcodes.h">
      <Filter>Header Files</Filter>
    </ClInclude>
    <ClInclude Include="pager.h">
      <Filter>Header Files</Filter>
    </ClInclude>
    <ClInclude Include="parse.h">
      <Filter>Header Files</Filter>
    </ClInclude>
    <ClInclude Include="pcache.h">
      <Filter>Header Files</Filter>
    </ClInclude>
    <ClInclude Include="pragma.h">
      <Filter>Header Files</Filter>
    </ClInclude>
    <ClInclude Include="rtree.h">
      <Filter>Header Files</Filter>
    </ClInclude>
    <ClInclude Include="sqlite3.h">
      <Filter>Header Files</Filter>
    </ClInclude>
    <ClInclude Include="sqlite3ext.h">
      <Filter>Header Files</Filter>
    </ClInclude>
    <ClInclude Include="sqlite3rbu.h">
      <Filter>Header Files</Filter>
    </ClInclude>
    <ClInclude Include="sqlite3rtree.h">
      <Filter>Header Files</Filter>
    </ClInclude>
    <ClInclude Include="sqlite3userauth.h">
      <Filter>Header Files</Filter>
    </ClInclude>
    <ClInclude Include="sqliteicu.h">
      <Filter>Header Files</Filter>
    </ClInclude>
    <ClInclude Include="sqliteInt.h">
      <Filter>Header Files</Filter>
    </ClInclude>
    <ClInclude Include="sqliteLimit.h">
      <Filter>Header Files</Filter>
    </ClInclude>
    <ClInclude Include="vdbe.h">
      <Filter>Header Files</Filter>
    </ClInclude>
    <ClInclude Include="vdbeInt.h">
      <Filter>Header Files</Filter>
    </ClInclude>
    <ClInclude Include="vxworks.h">
      <Filter>Header Files</Filter>
    </ClInclude>
    <ClInclude Include="wal.h">
      <Filter>Header Files</Filter>
    </ClInclude>
    <ClInclude Include="whereInt.h">
      <Filter>Header Files</Filter>
    </ClInclude>
    <ClInclude Include="sizeUtil.h">
      <Filter>Header Files</Filter>
    </ClInclude>
  </ItemGroup>
  <ItemGroup>
    <None Include="sgx_tsqlite_private.pem">
      <Filter>Resource Files</Filter>
    </None>
    <None Include="sqlite3.def">
      <Filter>Source Files</Filter>
    </None>
  </ItemGroup>
  <ItemGroup>
    <Xml Include="sgx_tsqlite.config.xml">
      <Filter>Resource Files</Filter>
    </Xml>
  </ItemGroup>
  <ItemGroup>
    <Text Include="ReadMe.txt" />
  </ItemGroup>
  <ItemGroup>
    <CustomBuild Include="sgx_tsqlite.edl">
      <Filter>Source Files</Filter>
    </CustomBuild>
  </ItemGroup>
</Project>