<?xml version="1.0" encoding="utf-8"?>
<Project ToolsVersion="4.0" xmlns="http://schemas.microsoft.com/developer/msbuild/2003">
  <ItemGroup>
    <Filter Include="Source Files">
      <UniqueIdentifier>{4FC737F1-C7A5-4376-A066-2A32D752A2FF}</UniqueIdentifier>
      <Extensions>cpp;c;cc;cxx;def;odl;idl;hpj;bat;asm;asmx</Extensions>
    </Filter>
    <Filter Include="Header Files">
      <UniqueIdentifier>{93995380-89BD-4b04-88EB-625FBE52EBFB}</UniqueIdentifier>
      <Extensions>h;hpp;hxx;hm;inl;inc;xsd</Extensions>
    </Filter>
    <Filter Include="Resource Files">
      <UniqueIdentifier>{67DA6AB6-F800-4c08-8B7A-83BB121AAD01}</UniqueIdentifier>
      <Extensions>rc;ico;cur;bmp;dlg;rc2;rct;bin;rgs;gif;jpg;jpeg;jpe;resx;tiff;tif;png;wav;mfcribbon-ms</Extensions>
    </Filter>
  </ItemGroup>
  <ItemGroup>
    <Text Include="ReadMe.txt" />
  </ItemGroup>
  <ItemGroup>
    <ClInclude Include="btree.h">
      <Filter>Header Files</Filter>
    </ClInclude>
    <ClInclude Include="btreeInt.h">
      <Filter>Header Files</Filter>
    </ClInclude>
    <ClInclude Include="fts1.h">
      <Filter>Header Files</Filter>
    </ClInclude>
    <ClInclude Include="fts1_hash.h">
      <Filter>Header Files</Filter>
    </ClInclude>
    <ClInclude Include="fts1_tokenizer.h">
      <Filter>Header Files</Filter>
    </ClInclude>
    <ClInclude Include="fts2.h">
      <Filter>Header Files</Filter>
    </ClInclude>
    <ClInclude Include="fts2_hash.h">
      <Filter>Header Files</Filter>
    </ClInclude>
    <ClInclude Include="fts2_tokenizer.h">
      <Filter>Header Files</Filter>
    </ClInclude>
    <ClInclude Include="fts3.h">
      <Filter>Header Files</Filter>
    </ClInclude>
    <ClInclude Include="fts3_hash.h">
      <Filter>Header Files</Filter>
    </ClInclude>
    <ClInclude Include="fts3_tokenizer.h">
      <Filter>Header Files</Filter>
    </ClInclude>
    <ClInclude Include="fts3Int.h">
      <Filter>Header Files</Filter>
    </ClInclude>
    <ClInclude Include="fts5.h">
      <Filter>Header Files</Filter>
    </ClInclude>
    <ClInclude Include="hash.h">
      <Filter>Header Files</Filter>
    </ClInclude>
    <ClInclude Include="hwtime.h">
      <Filter>Header Files</Filter>
    </ClInclude>
    <ClInclude Include="keywordhash.h">
      <Filter>Header Files</Filter>
    </ClInclude>
    <ClInclude Include="msvc.h">
      <Filter>Header Files</Filter>
    </ClInclude>
    <ClInclude Include="mutex.h">
      <Filter>Header Files</Filter>
    </ClInclude>
    <ClInclude Include="os.h">
      <Filter>Header Files</Filter>
    </ClInclude>
    <ClInclude Include="os_common.h">
      <Filter>Header Files</Filter>
    </ClInclude>
    <ClInclude Include="os_setup.h">
      <Filter>Header Files</Filter>
    </ClInclude>
    <ClInclude Include="os_win.h">
      <Filter>Header Files</Filter>
    </ClInclude>
    <ClInclude Include="parse.h">
      <Filter>Header Files</Filter>
    </ClInclude>
    <ClInclude Include="sqlite3.h">
      <Filter>Header Files</Filter>
    </ClInclude>
    <ClInclude Include="sqlite3ext.h">
      <Filter>Header Files</Filter>
    </ClInclude>
    <ClInclude Include="sqliteicu.h">
      <Filter>Header Files</Filter>
    </ClInclude>
    <ClInclude Include="sqliteInt.h">
      <Filter>Header Files</Filter>
    </ClInclude>
    <ClInclude Include="sqliteLimit.h">
      <Filter>Header Files</Filter>
    </ClInclude>
    <ClInclude Include="vdbe.h">
      <Filter>Header Files</Filter>
    </ClInclude>
    <ClInclude Include="vdbeInt.h">
      <Filter>Header Files</Filter>
    </ClInclude>
    <ClInclude Include="vxworks.h">
      <Filter>Header Files</Filter>
    </ClInclude>
    <ClInclude Include="opcodes.h">
      <Filter>Header Files</Filter>
    </ClInclude>
    <ClInclude Include="pager.h">
      <Filter>Header Files</Filter>
    </ClInclude>
    <ClInclude Include="pcache.h">
      <Filter>Header Files</Filter>
    </ClInclude>
  </ItemGroup>
  <ItemGroup>
    <ClCompile Include="global.c">
      <Filter>Source Files</Filter>
    </ClCompile>
    <ClCompile Include="malloc.c">
      <Filter>Source Files</Filter>
    </ClCompile>
    <ClCompile Include="mem1.c">
      <Filter>Source Files</Filter>
    </ClCompile>
    <ClCompile Include="mutex.c">
      <Filter>Source Files</Filter>
    </ClCompile>
    <ClCompile Include="mutex_noop.c">
      <Filter>Source Files</Filter>
    </ClCompile>
    <ClCompile Include="mutex_w32.c">
      <Filter>Source Files</Filter>
    </ClCompile>
    <ClCompile Include="myfunc.c">
      <Filter>Source Files</Filter>
    </ClCompile>
    <ClCompile Include="os.c">
      <Filter>Source Files</Filter>
    </ClCompile>
    <ClCompile Include="os_win.c">
      <Filter>Source Files</Filter>
    </ClCompile>
    <ClCompile Include="printf.c">
      <Filter>Source Files</Filter>
    </ClCompile>
    <ClCompile Include="random.c">
      <Filter>Source Files</Filter>
    </ClCompile>
    <ClCompile Include="rowset.c">
      <Filter>Source Files</Filter>
    </ClCompile>
    <ClCompile Include="threads.c">
      <Filter>Source Files</Filter>
    </ClCompile>
    <ClCompile Include="utf.c">
      <Filter>Source Files</Filter>
    </ClCompile>
    <ClCompile Include="util.c">
      <Filter>Source Files</Filter>
    </ClCompile>
  </ItemGroup>
</Project>